
Microsoft Visual Studio Solution File, Format Version 12.00
# Visual Studio 15
VisualStudioVersion = 15.0.28307.902
MinimumVisualStudioVersion = 10.0.40219.1
Project("{FAE04EC0-301F-11D3-BF4B-00C04F79EFBC}") = "BachelorThesis", "BachelorThesis\BachelorThesis.csproj", "{146CD3D7-F5E3-4149-B4D1-27F4112299E2}"
EndProject
Global
	GlobalSection(SolutionConfigurationPlatforms) = preSolution
		Debug|Any CPU = Debug|Any CPU
		Release|Any CPU = Release|Any CPU
	EndGlobalSection
	GlobalSection(ProjectConfigurationPlatforms) = postSolution
		{146CD3D7-F5E3-4149-B4D1-27F4112299E2}.Debug|Any CPU.ActiveCfg = Debug|Any CPU
		{146CD3D7-F5E3-4149-B4D1-27F4112299E2}.Debug|Any CPU.Build.0 = Debug|Any CPU
		{146CD3D7-F5E3-4149-B4D1-27F4112299E2}.Release|Any CPU.ActiveCfg = Release|Any CPU
		{146CD3D7-F5E3-4149-B4D1-27F4112299E2}.Release|Any CPU.Build.0 = Release|Any CPU
	EndGlobalSection
	GlobalSection(SolutionProperties) = preSolution
		HideSolutionNode = FALSE
	EndGlobalSection
	GlobalSection(ExtensibilityGlobals) = postSolution
		SolutionGuid = {DEF22CF7-90E8-428D-A1D2-5AAD3B2BFCA3}
	EndGlobalSection
EndGlobal
